
Microsoft Visual Studio Solution File, Format Version 12.00
# Visual Studio Version 17
VisualStudioVersion = 17.4.33403.182
MinimumVisualStudioVersion = 10.0.40219.1
Project("{2150E333-8FDC-42A3-9474-1A3956D46DE8}") = "Domain", "Domain", "{51618C91-AFFE-4991-A1A8-1B607F209378}"
EndProject
Project("{2150E333-8FDC-42A3-9474-1A3956D46DE8}") = "Application", "Application", "{2BFA1502-1A32-45D8-B15A-2D0199FCE1A6}"
EndProject
Project("{2150E333-8FDC-42A3-9474-1A3956D46DE8}") = "Infraestructure", "Infraestructure", "{95A5BB51-FDA3-4BDE-84B7-76BD0A02D478}"
EndProject
Project("{2150E333-8FDC-42A3-9474-1A3956D46DE8}") = "Presentation", "Presentation", "{9671E64F-BF56-449B-BAD1-2928E6726C4C}"
EndProject
Project("{FAE04EC0-301F-11D3-BF4B-00C04F79EFBC}") = "Domain", "Domain\Domain.csproj", "{44F8C721-72C5-4BC8-8A94-089013365003}"
EndProject
Project("{FAE04EC0-301F-11D3-BF4B-00C04F79EFBC}") = "Application", "Application\Application.csproj", "{E1699169-3BE5-41A0-8985-155BCC06E3E9}"
EndProject
Project("{FAE04EC0-301F-11D3-BF4B-00C04F79EFBC}") = "Infraestructure", "Infraestructure\Infraestructure.csproj", "{BE5917F2-FB3B-4477-85B1-6AEC5189EFC1}"
EndProject
Project("{FAE04EC0-301F-11D3-BF4B-00C04F79EFBC}") = "WebAPI", "WebAPI\WebAPI.csproj", "{7C5979F7-222C-4FFA-BD5E-68E27CDECC46}"
EndProject
Global
	GlobalSection(SolutionConfigurationPlatforms) = preSolution
		Debug|Any CPU = Debug|Any CPU
		Release|Any CPU = Release|Any CPU
	EndGlobalSection
	GlobalSection(ProjectConfigurationPlatforms) = postSolution
		{44F8C721-72C5-4BC8-8A94-089013365003}.Debug|Any CPU.ActiveCfg = Debug|Any CPU
		{44F8C721-72C5-4BC8-8A94-089013365003}.Debug|Any CPU.Build.0 = Debug|Any CPU
		{44F8C721-72C5-4BC8-8A94-089013365003}.Release|Any CPU.ActiveCfg = Release|Any CPU
		{44F8C721-72C5-4BC8-8A94-089013365003}.Release|Any CPU.Build.0 = Release|Any CPU
		{E1699169-3BE5-41A0-8985-155BCC06E3E9}.Debug|Any CPU.ActiveCfg = Debug|Any CPU
		{E1699169-3BE5-41A0-8985-155BCC06E3E9}.Debug|Any CPU.Build.0 = Debug|Any CPU
		{E1699169-3BE5-41A0-8985-155BCC06E3E9}.Release|Any CPU.ActiveCfg = Release|Any CPU
		{E1699169-3BE5-41A0-8985-155BCC06E3E9}.Release|Any CPU.Build.0 = Release|Any CPU
		{BE5917F2-FB3B-4477-85B1-6AEC5189EFC1}.Debug|Any CPU.ActiveCfg = Debug|Any CPU
		{BE5917F2-FB3B-4477-85B1-6AEC5189EFC1}.Debug|Any CPU.Build.0 = Debug|Any CPU
		{BE5917F2-FB3B-4477-85B1-6AEC5189EFC1}.Release|Any CPU.ActiveCfg = Release|Any CPU
		{BE5917F2-FB3B-4477-85B1-6AEC5189EFC1}.Release|Any CPU.Build.0 = Release|Any CPU
		{7C5979F7-222C-4FFA-BD5E-68E27CDECC46}.Debug|Any CPU.ActiveCfg = Debug|Any CPU
		{7C5979F7-222C-4FFA-BD5E-68E27CDECC46}.Debug|Any CPU.Build.0 = Debug|Any CPU
		{7C5979F7-222C-4FFA-BD5E-68E27CDECC46}.Release|Any CPU.ActiveCfg = Release|Any CPU
		{7C5979F7-222C-4FFA-BD5E-68E27CDECC46}.Release|Any CPU.Build.0 = Release|Any CPU
	EndGlobalSection
	GlobalSection(SolutionProperties) = preSolution
		HideSolutionNode = FALSE
	EndGlobalSection
	GlobalSection(NestedProjects) = preSolution
		{44F8C721-72C5-4BC8-8A94-089013365003} = {51618C91-AFFE-4991-A1A8-1B607F209378}
		{E1699169-3BE5-41A0-8985-155BCC06E3E9} = {2BFA1502-1A32-45D8-B15A-2D0199FCE1A6}
		{BE5917F2-FB3B-4477-85B1-6AEC5189EFC1} = {95A5BB51-FDA3-4BDE-84B7-76BD0A02D478}
		{7C5979F7-222C-4FFA-BD5E-68E27CDECC46} = {9671E64F-BF56-449B-BAD1-2928E6726C4C}
	EndGlobalSection
	GlobalSection(ExtensibilityGlobals) = postSolution
		SolutionGuid = {FC529354-68CD-4937-94BB-0BA80BC01E64}
	EndGlobalSection
EndGlobal
